Microsoft Visual Studio Solution File, Format Version 12.00
# Visual Studio 2012
Project("{FAE04EC0-301F-11D3-BF4B-00C04F79EFBC}") = "New Game Project", "New Game Project.csproj", "{BBC5821C-A2AC-4D15-9B43-857405D31991}"
EndProject
Global
	GlobalSection(SolutionConfigurationPlatforms) = preSolution
	Debug|Any CPU = Debug|Any CPU
	ExportDebug|Any CPU = ExportDebug|Any CPU
	ExportRelease|Any CPU = ExportRelease|Any CPU
	EndGlobalSection
	GlobalSection(ProjectConfigurationPlatforms) = postSolution
		{BBC5821C-A2AC-4D15-9B43-857405D31991}.Debug|Any CPU.ActiveCfg = Debug|Any CPU
		{BBC5821C-A2AC-4D15-9B43-857405D31991}.Debug|Any CPU.Build.0 = Debug|Any CPU
		{BBC5821C-A2AC-4D15-9B43-857405D31991}.ExportDebug|Any CPU.ActiveCfg = ExportDebug|Any CPU
		{BBC5821C-A2AC-4D15-9B43-857405D31991}.ExportDebug|Any CPU.Build.0 = ExportDebug|Any CPU
		{BBC5821C-A2AC-4D15-9B43-857405D31991}.ExportRelease|Any CPU.ActiveCfg = ExportRelease|Any CPU
		{BBC5821C-A2AC-4D15-9B43-857405D31991}.ExportRelease|Any CPU.Build.0 = ExportRelease|Any CPU
	EndGlobalSection
EndGlobal
